
Microsoft Visual Studio Solution File, Format Version 12.00
# Visual Studio Version 16
VisualStudioVersion = 16.0.29509.3
MinimumVisualStudioVersion = 10.0.40219.1
Project("{9A19103F-16F7-4668-BE54-9A1E7A4F7556}") = "Web", "src\Web\Web.csproj", "{A4416DBC-9436-44D6-9B93-F27B1761BC63}"
EndProject
Project("{2150E333-8FDC-42A3-9474-1A3956D46DE8}") = "src", "src", "{4E41763A-386F-4A31-92B6-6FBF49A68129}"
EndProject
Project("{9A19103F-16F7-4668-BE54-9A1E7A4F7556}") = "Infrastructure", "src\Infrastructure\Infrastructure.csproj", "{D01DCC5C-5123-4758-A55A-68A996779264}"
EndProject
Project("{2150E333-8FDC-42A3-9474-1A3956D46DE8}") = "tests", "tests", "{5AC51C6B-3F2A-4EA4-8815-D65E4E25C12E}"
EndProject
Project("{9A19103F-16F7-4668-BE54-9A1E7A4F7556}") = "Application", "src\Application\Application.csproj", "{91DCD363-FC45-4165-9C7E-18ACF9F02F6A}"
EndProject
Project("{9A19103F-16F7-4668-BE54-9A1E7A4F7556}") = "Domain", "src\Domain\Domain.csproj", "{E490E1E4-13F0-4589-80FD-EB62319E514D}"
EndProject
Project("{9A19103F-16F7-4668-BE54-9A1E7A4F7556}") = "Worker", "src\Worker\Worker.csproj", "{FC30479C-CA26-4FC8-8570-F2540CB2A683}"
EndProject
Project("{FAE04EC0-301F-11D3-BF4B-00C04F79EFBC}") = "UnitTests", "tests\UnitTests\UnitTests.csproj", "{7A35126D-07CA-4F10-9CDD-2C372A28AFD6}"
EndProject
Project("{FAE04EC0-301F-11D3-BF4B-00C04F79EFBC}") = "IntegrationTests", "tests\IntegrationTests\IntegrationTests.csproj", "{CB9564A2-84EF-447B-BD39-A2C883613857}"
EndProject
Project("{FAE04EC0-301F-11D3-BF4B-00C04F79EFBC}") = "FunctionalTests", "tests\FunctionalTests\FunctionalTests.csproj", "{7BDFE0BE-3936-4FA3-A4F3-D53CB7290CB2}"
EndProject
Global
	GlobalSection(SolutionConfigurationPlatforms) = preSolution
		Debug|Any CPU = Debug|Any CPU
		Release|Any CPU = Release|Any CPU
	EndGlobalSection
	GlobalSection(ProjectConfigurationPlatforms) = postSolution
		{A4416DBC-9436-44D6-9B93-F27B1761BC63}.Debug|Any CPU.ActiveCfg = Debug|Any CPU
		{A4416DBC-9436-44D6-9B93-F27B1761BC63}.Debug|Any CPU.Build.0 = Debug|Any CPU
		{A4416DBC-9436-44D6-9B93-F27B1761BC63}.Release|Any CPU.ActiveCfg = Release|Any CPU
		{A4416DBC-9436-44D6-9B93-F27B1761BC63}.Release|Any CPU.Build.0 = Release|Any CPU
		{D01DCC5C-5123-4758-A55A-68A996779264}.Debug|Any CPU.ActiveCfg = Debug|Any CPU
		{D01DCC5C-5123-4758-A55A-68A996779264}.Debug|Any CPU.Build.0 = Debug|Any CPU
		{D01DCC5C-5123-4758-A55A-68A996779264}.Release|Any CPU.ActiveCfg = Release|Any CPU
		{D01DCC5C-5123-4758-A55A-68A996779264}.Release|Any CPU.Build.0 = Release|Any CPU
		{91DCD363-FC45-4165-9C7E-18ACF9F02F6A}.Debug|Any CPU.ActiveCfg = Debug|Any CPU
		{91DCD363-FC45-4165-9C7E-18ACF9F02F6A}.Debug|Any CPU.Build.0 = Debug|Any CPU
		{91DCD363-FC45-4165-9C7E-18ACF9F02F6A}.Release|Any CPU.ActiveCfg = Release|Any CPU
		{91DCD363-FC45-4165-9C7E-18ACF9F02F6A}.Release|Any CPU.Build.0 = Release|Any CPU
		{E490E1E4-13F0-4589-80FD-EB62319E514D}.Debug|Any CPU.ActiveCfg = Debug|Any CPU
		{E490E1E4-13F0-4589-80FD-EB62319E514D}.Debug|Any CPU.Build.0 = Debug|Any CPU
		{E490E1E4-13F0-4589-80FD-EB62319E514D}.Release|Any CPU.ActiveCfg = Release|Any CPU
		{E490E1E4-13F0-4589-80FD-EB62319E514D}.Release|Any CPU.Build.0 = Release|Any CPU
		{FC30479C-CA26-4FC8-8570-F2540CB2A683}.Debug|Any CPU.ActiveCfg = Debug|Any CPU
		{FC30479C-CA26-4FC8-8570-F2540CB2A683}.Debug|Any CPU.Build.0 = Debug|Any CPU
		{FC30479C-CA26-4FC8-8570-F2540CB2A683}.Release|Any CPU.ActiveCfg = Release|Any CPU
		{FC30479C-CA26-4FC8-8570-F2540CB2A683}.Release|Any CPU.Build.0 = Release|Any CPU
		{7A35126D-07CA-4F10-9CDD-2C372A28AFD6}.Debug|Any CPU.ActiveCfg = Debug|Any CPU
		{7A35126D-07CA-4F10-9CDD-2C372A28AFD6}.Debug|Any CPU.Build.0 = Debug|Any CPU
		{7A35126D-07CA-4F10-9CDD-2C372A28AFD6}.Release|Any CPU.ActiveCfg = Release|Any CPU
		{7A35126D-07CA-4F10-9CDD-2C372A28AFD6}.Release|Any CPU.Build.0 = Release|Any CPU
		{CB9564A2-84EF-447B-BD39-A2C883613857}.Debug|Any CPU.ActiveCfg = Debug|Any CPU
		{CB9564A2-84EF-447B-BD39-A2C883613857}.Debug|Any CPU.Build.0 = Debug|Any CPU
		{CB9564A2-84EF-447B-BD39-A2C883613857}.Release|Any CPU.ActiveCfg = Release|Any CPU
		{CB9564A2-84EF-447B-BD39-A2C883613857}.Release|Any CPU.Build.0 = Release|Any CPU
		{7BDFE0BE-3936-4FA3-A4F3-D53CB7290CB2}.Debug|Any CPU.ActiveCfg = Debug|Any CPU
		{7BDFE0BE-3936-4FA3-A4F3-D53CB7290CB2}.Debug|Any CPU.Build.0 = Debug|Any CPU
		{7BDFE0BE-3936-4FA3-A4F3-D53CB7290CB2}.Release|Any CPU.ActiveCfg = Release|Any CPU
		{7BDFE0BE-3936-4FA3-A4F3-D53CB7290CB2}.Release|Any CPU.Build.0 = Release|Any CPU
	EndGlobalSection
	GlobalSection(SolutionProperties) = preSolution
		HideSolutionNode = FALSE
	EndGlobalSection
	GlobalSection(NestedProjects) = preSolution
		{A4416DBC-9436-44D6-9B93-F27B1761BC63} = {4E41763A-386F-4A31-92B6-6FBF49A68129}
		{D01DCC5C-5123-4758-A55A-68A996779264} = {4E41763A-386F-4A31-92B6-6FBF49A68129}
		{91DCD363-FC45-4165-9C7E-18ACF9F02F6A} = {4E41763A-386F-4A31-92B6-6FBF49A68129}
		{E490E1E4-13F0-4589-80FD-EB62319E514D} = {4E41763A-386F-4A31-92B6-6FBF49A68129}
		{FC30479C-CA26-4FC8-8570-F2540CB2A683} = {4E41763A-386F-4A31-92B6-6FBF49A68129}
		{7A35126D-07CA-4F10-9CDD-2C372A28AFD6} = {5AC51C6B-3F2A-4EA4-8815-D65E4E25C12E}
		{CB9564A2-84EF-447B-BD39-A2C883613857} = {5AC51C6B-3F2A-4EA4-8815-D65E4E25C12E}
		{7BDFE0BE-3936-4FA3-A4F3-D53CB7290CB2} = {5AC51C6B-3F2A-4EA4-8815-D65E4E25C12E}
	EndGlobalSection
	GlobalSection(ExtensibilityGlobals) = postSolution
		SolutionGuid = {7BE1041F-6C34-42D0-9AC8-16A9E5DAC11B}
	EndGlobalSection
EndGlobal
