
Microsoft Visual Studio Solution File, Format Version 12.00
# Visual Studio Version 16
VisualStudioVersion = 16.0.29509.3
MinimumVisualStudioVersion = 10.0.40219.1
Project("{FAE04EC0-301F-11D3-BF4B-00C04F79EFBC}") = "Web", "src\Web\Web.csproj", "{A4416DBC-9436-44D6-9B93-F27B1761BC63}"
EndProject
Project("{2150E333-8FDC-42A3-9474-1A3956D46DE8}") = "src", "src", "{4E41763A-386F-4A31-92B6-6FBF49A68129}"
EndProject
Project("{FAE04EC0-301F-11D3-BF4B-00C04F79EFBC}") = "Infrastructure", "src\Infrastructure\Infrastructure.csproj", "{D01DCC5C-5123-4758-A55A-68A996779264}"
EndProject
Project("{FAE04EC0-301F-11D3-BF4B-00C04F79EFBC}") = "ApplicationCore", "src\ApplicationCore\ApplicationCore.csproj", "{89B57C77-B459-4AE4-BAB3-42168743CCD9}"
EndProject
Project("{2150E333-8FDC-42A3-9474-1A3956D46DE8}") = "tests", "tests", "{5AC51C6B-3F2A-4EA4-8815-D65E4E25C12E}"
EndProject
Project("{FAE04EC0-301F-11D3-BF4B-00C04F79EFBC}") = "xUnitTests", "tests\xUnitTests\xUnitTests.csproj", "{D7F8783F-9BFA-4937-AE11-8A4F78D101C1}"
EndProject
Project("{E53339B2-1760-4266-BCC7-CA923CBCF16C}") = "docker-compose", "docker-compose.dcproj", "{7955A445-6801-4C18-96E9-BF3FEE654648}"
EndProject
Global
	GlobalSection(SolutionConfigurationPlatforms) = preSolution
		Debug|Any CPU = Debug|Any CPU
		Release|Any CPU = Release|Any CPU
	EndGlobalSection
	GlobalSection(ProjectConfigurationPlatforms) = postSolution
		{A4416DBC-9436-44D6-9B93-F27B1761BC63}.Debug|Any CPU.ActiveCfg = Debug|Any CPU
		{A4416DBC-9436-44D6-9B93-F27B1761BC63}.Debug|Any CPU.Build.0 = Debug|Any CPU
		{A4416DBC-9436-44D6-9B93-F27B1761BC63}.Release|Any CPU.ActiveCfg = Release|Any CPU
		{A4416DBC-9436-44D6-9B93-F27B1761BC63}.Release|Any CPU.Build.0 = Release|Any CPU
		{D01DCC5C-5123-4758-A55A-68A996779264}.Debug|Any CPU.ActiveCfg = Debug|Any CPU
		{D01DCC5C-5123-4758-A55A-68A996779264}.Debug|Any CPU.Build.0 = Debug|Any CPU
		{D01DCC5C-5123-4758-A55A-68A996779264}.Release|Any CPU.ActiveCfg = Release|Any CPU
		{D01DCC5C-5123-4758-A55A-68A996779264}.Release|Any CPU.Build.0 = Release|Any CPU
		{89B57C77-B459-4AE4-BAB3-42168743CCD9}.Debug|Any CPU.ActiveCfg = Debug|Any CPU
		{89B57C77-B459-4AE4-BAB3-42168743CCD9}.Debug|Any CPU.Build.0 = Debug|Any CPU
		{89B57C77-B459-4AE4-BAB3-42168743CCD9}.Release|Any CPU.ActiveCfg = Release|Any CPU
		{89B57C77-B459-4AE4-BAB3-42168743CCD9}.Release|Any CPU.Build.0 = Release|Any CPU
		{D7F8783F-9BFA-4937-AE11-8A4F78D101C1}.Debug|Any CPU.ActiveCfg = Debug|Any CPU
		{D7F8783F-9BFA-4937-AE11-8A4F78D101C1}.Debug|Any CPU.Build.0 = Debug|Any CPU
		{D7F8783F-9BFA-4937-AE11-8A4F78D101C1}.Release|Any CPU.ActiveCfg = Release|Any CPU
		{D7F8783F-9BFA-4937-AE11-8A4F78D101C1}.Release|Any CPU.Build.0 = Release|Any CPU
		{7955A445-6801-4C18-96E9-BF3FEE654648}.Debug|Any CPU.ActiveCfg = Debug|Any CPU
		{7955A445-6801-4C18-96E9-BF3FEE654648}.Debug|Any CPU.Build.0 = Debug|Any CPU
		{7955A445-6801-4C18-96E9-BF3FEE654648}.Release|Any CPU.ActiveCfg = Release|Any CPU
		{7955A445-6801-4C18-96E9-BF3FEE654648}.Release|Any CPU.Build.0 = Release|Any CPU
	EndGlobalSection
	GlobalSection(SolutionProperties) = preSolution
		HideSolutionNode = FALSE
	EndGlobalSection
	GlobalSection(NestedProjects) = preSolution
		{A4416DBC-9436-44D6-9B93-F27B1761BC63} = {4E41763A-386F-4A31-92B6-6FBF49A68129}
		{D01DCC5C-5123-4758-A55A-68A996779264} = {4E41763A-386F-4A31-92B6-6FBF49A68129}
		{89B57C77-B459-4AE4-BAB3-42168743CCD9} = {4E41763A-386F-4A31-92B6-6FBF49A68129}
		{D7F8783F-9BFA-4937-AE11-8A4F78D101C1} = {5AC51C6B-3F2A-4EA4-8815-D65E4E25C12E}
	EndGlobalSection
	GlobalSection(ExtensibilityGlobals) = postSolution
		SolutionGuid = {7BE1041F-6C34-42D0-9AC8-16A9E5DAC11B}
	EndGlobalSection
EndGlobal
